{
  "requires": true,
  "lockfileVersion": 1,
  "dependencies": {
    "@babel/helper-validator-identifier": {
      "version": "7.14.9",
      "resolved": "https://registry.npmjs.org/@babel/helper-validator-identifier/-/helper-validator-identifier-7.14.9.tgz",
      "integrity": "sha512-pQYxPY0UP6IHISRitNe8bsijHex4TWZXi2HwKVsjPiltzlhse2znVcm9Ace510VT1kxIHjGJCZZQBX2gJDbo0g=="
    },
    "@babel/parser": {
      "version": "7.15.5",
      "resolved": "https://registry.npmjs.org/@babel/parser/-/parser-7.15.5.tgz",
      "integrity": "sha512-2hQstc6I7T6tQsWzlboMh3SgMRPaS4H6H7cPQsJkdzTzEGqQrpLDsE2BGASU5sBPoEQyHzeqU6C8uKbFeEk6sg=="
    },
    "@babel/types": {
      "version": "7.15.4",
      "resolved": "https://registry.npmjs.org/@babel/types/-/types-7.15.4.tgz",
      "integrity": "sha512-0f1HJFuGmmbrKTCZtbm3cU+b/AqdEYk5toj5iQur58xkVMlS0JWaKxTBSmCXd47uiN7vbcozAupm6Mvs80GNhw==",
      "requires": {
        "@babel/helper-validator-identifier": "^7.14.9",
        "to-fast-properties": "^2.0.0"
      }
    },
    "@vue/compiler-core": {
      "version": "3.2.8",
      "resolved": "https://registry.npmjs.org/@vue/compiler-core/-/compiler-core-3.2.8.tgz",
      "integrity": "sha512-Sx8qJ030+QM/NakUrkQuUGCeDEb+0d0AgFOl5W4qRvR6e+YgLnW2ew0jREf4T1hak9Fdk8Edl67StECHrhEuew==",
      "requires": {
        "@babel/parser": "^7.15.0",
        "@babel/types": "^7.15.0",
        "@vue/shared": "3.2.8",
        "estree-walker": "^2.0.2",
        "source-map": "^0.6.1"
      }
    },
    "@vue/compiler-dom": {
      "version": "3.2.8",
      "resolved": "https://registry.npmjs.org/@vue/compiler-dom/-/compiler-dom-3.2.8.tgz",
      "integrity": "sha512-nxBW6k8FMWQ74294CRbqR+iEJRO5vIjx85I3YCOyZFD6FsDHyFL60g76TcJzucp+F2XXIDaYz+A+F4gQlDatjw==",
      "requires": {
        "@vue/compiler-core": "3.2.8",
        "@vue/shared": "3.2.8"
      }
    },
    "@vue/reactivity": {
      "version": "3.2.8",
      "resolved": "https://registry.npmjs.org/@vue/reactivity/-/reactivity-3.2.8.tgz",
      "integrity": "sha512-/Hj3Uz28SG+xB5SDWPOXUs0emvHkq82EmTgk44/plTVFeswCZ3i3Hd7WmsrPT4rGajlDKd5uqMmW0ith1ED0FA==",
      "requires": {
        "@vue/shared": "3.2.8"
      }
    },
    "@vue/runtime-core": {
      "version": "3.2.8",
      "resolved": "https://registry.npmjs.org/@vue/runtime-core/-/runtime-core-3.2.8.tgz",
      "integrity": "sha512-hwzXLGw1njBEY5JSyRXIIdCtzMFFF6F38WcKMmoIE3p7da30jEbWt8EwwrBomjT8ZbqzElOGlewBcnXNOiiIUg==",
      "requires": {
        "@vue/reactivity": "3.2.8",
        "@vue/shared": "3.2.8"
      }
    },
    "@vue/runtime-dom": {
      "version": "3.2.8",
      "resolved": "https://registry.npmjs.org/@vue/runtime-dom/-/runtime-dom-3.2.8.tgz",
      "integrity": "sha512-A/aRrlGLJ5y4Z7eNbnO/xHwx2RiPijQo7D3OIwESroG3HNP+dpuoqamajo5TXS9ZGjbMOih82COoe7xb9P4BZw==",
      "requires": {
        "@vue/runtime-core": "3.2.8",
        "@vue/shared": "3.2.8",
        "csstype": "^2.6.8"
      }
    },
    "@vue/shared": {
      "version": "3.2.8",
      "resolved": "https://registry.npmjs.org/@vue/shared/-/shared-3.2.8.tgz",
      "integrity": "sha512-E2DQQnG7Qr4GwTs3GlfPPlHliGVADoufTnhpwfoViw7JlyLMmYtjfnTwM6nXAwvSJWiF7D+7AxpnWBBT3VWo6Q=="
    },
    "csstype": {
      "version": "2.6.17",
      "resolved": "https://registry.npmjs.org/csstype/-/csstype-2.6.17.tgz",
      "integrity": "sha512-u1wmTI1jJGzCJzWndZo8mk4wnPTZd1eOIYTYvuEyOQGfmDl3TrabCCfKnOC86FZwW/9djqTl933UF/cS425i9A=="
    },
    "estree-walker": {
      "version": "2.0.2",
      "resolved": "https://registry.npmjs.org/estree-walker/-/estree-walker-2.0.2.tgz",
      "integrity": "sha512-Rfkk/Mp/DL7JVje3u18FxFujQlTNR2q6QfMSMB7AvCBx91NGj/ba3kCfza0f6dVDbw7YlRf/nDrn7pQrCCyQ/w=="
    },
    "source-map": {
      "version": "0.6.1",
      "resolved": "https://registry.npmjs.org/source-map/-/source-map-0.6.1.tgz",
      "integrity": "sha512-UjgapumWlbMhkBgzT7Ykc5YXUT46F0iKu8SGXq0bcwP5dz/h0Plj6enJqjz1Zbq2l5WaqYnrVbwWOWMyF3F47g=="
    },
    "to-fast-properties": {
      "version": "2.0.0",
      "resolved": "https://registry.npmjs.org/to-fast-properties/-/to-fast-properties-2.0.0.tgz",
      "integrity": "sha1-3F5pjL0HkmW8c+A3doGk5Og/YW4="
    },
    "vue": {
      "version": "3.2.8",
      "resolved": "https://registry.npmjs.org/vue/-/vue-3.2.8.tgz",
      "integrity": "sha512-x7lwdnOSkceHQUXRVVHBaZzcp6v7M2CYtSZH75zZaT1mTjB4plC4KZHKP/5jAvdqOLBHZGwDSMkWXm3YbAufrA==",
      "requires": {
        "@vue/compiler-dom": "3.2.8",
        "@vue/runtime-dom": "3.2.8",
        "@vue/shared": "3.2.8"
      }
    }
  }
}
